# This file was autogenerated by Stack.
# You should not edit this file by hand.
# For more information, please see the documentation at:
#   https://docs.haskellstack.org/en/stable/lock_files

packages:
- completed:
    commit: ba48437dd6357c8e6624166e7131ed3b46743fcc
    git: https://github.com/tkemps/diagrams-gi-gtk
    name: diagrams-gi-gtk
    pantry-tree:
      sha256: 532012f132d7b1f95ded90dd55457b2711913c6d3be418bb6617a047b03581d3
      size: 601
    version: '0.1'
  original:
    commit: ba48437dd6357c8e6624166e7131ed3b46743fcc
    git: https://github.com/tkemps/diagrams-gi-gtk
- completed:
    hackage: cairo-0.13.8.2@sha256:ef1709c3c4d2c6d68a9a51d9f220dccc0745f6468d2d0868c15a7ecdf8f325a1,4078
    pantry-tree:
      sha256: d6a9b3a15bc2e7b53fda331279cfdbc299fbf0c4be2ee8c1b6b79b924b6fdeb4
      size: 2830
  original:
    hackage: cairo-0.13.8.2@sha256:ef1709c3c4d2c6d68a9a51d9f220dccc0745f6468d2d0868c15a7ecdf8f325a1,4078
- completed:
    hackage: diagrams-cairo-1.4.2@sha256:20446df9418b41a97a6458ed31ece86eecbf226901898cd6f8f8dba9f55ac142,3810
    pantry-tree:
      sha256: f4bd8a1324bac96d27681ddd6675a5d272e9282a60bd51a9ec3bcf2a2aa85dda
      size: 721
  original:
    hackage: diagrams-cairo-1.4.2@sha256:20446df9418b41a97a6458ed31ece86eecbf226901898cd6f8f8dba9f55ac142,3810
- completed:
    hackage: pango-0.13.8.2@sha256:d4057ebddade4cde3e25d7755b5e030e7a7e56fe7365afd37916a7bba46d3fd9,3917
    pantry-tree:
      sha256: 10c335853e1d43e0b7426b33e8ddbdb90b3e318ebec4d58f0726a2f4cfb2e1c9
      size: 1506
  original:
    hackage: pango-0.13.8.2@sha256:d4057ebddade4cde3e25d7755b5e030e7a7e56fe7365afd37916a7bba46d3fd9,3917
- completed:
    hackage: statestack-0.3.1@sha256:88d630aa2556ca699f6c96625e81973cf0e6ea6384e3c7f9c59f69fd8f4e7daf,1098
    pantry-tree:
      sha256: c97938704103fe9371b9f629cbfac9442687685524755926cec1bc44059de9d4
      size: 273
  original:
    hackage: statestack-0.3.1@sha256:88d630aa2556ca699f6c96625e81973cf0e6ea6384e3c7f9c59f69fd8f4e7daf,1098
- completed:
    hackage: glib-0.13.8.2@sha256:f44b829e741b3c3244d523f60b058701dfc067ff64c2ba61d43be4cccfc2663d,3156
    pantry-tree:
      sha256: 2442a22152231a94e2f1ecfe7ddc0f4e5fb2d5ae116b371508a448bd3312ef06
      size: 1625
  original:
    hackage: glib-0.13.8.2@sha256:f44b829e741b3c3244d523f60b058701dfc067ff64c2ba61d43be4cccfc2663d,3156
snapshots:
- completed:
    sha256: 6d1532d40621957a25bad5195bfca7938e8a06d923c91bc52aa0f3c41181f2d4
    size: 619204
    url: https://raw.githubusercontent.com/commercialhaskell/stackage-snapshots/master/lts/19/33.yaml
  original: lts-19.33
